
Microsoft Visual Studio Solution File, Format Version 12.00
# Visual Studio Version 16
VisualStudioVersion = 16.0.30011.22
MinimumVisualStudioVersion = 10.0.40219.1
Project("{FAE04EC0-301F-11D3-BF4B-00C04F79EFBC}") = "MaterialFrame.Android", "MaterialFrame.Android\MaterialFrame.Android.csproj", "{F6719964-727A-4C81-9C32-FA0B08CA8AE6}"
EndProject
Project("{FAE04EC0-301F-11D3-BF4B-00C04F79EFBC}") = "MaterialFrame.iOS", "MaterialFrame.iOS\MaterialFrame.iOS.csproj", "{29B1C798-02D7-4732-ACC5-0FD2E4BBEC8B}"
EndProject
Project("{9A19103F-16F7-4668-BE54-9A1E7A4F7556}") = "MaterialFrame", "MaterialFrame\MaterialFrame.csproj", "{905811E8-D8C9-4AEE-B2F4-D924C83F50AE}"
EndProject
Project("{2150E333-8FDC-42A3-9474-1A3956D46DE8}") = "Nuget", "Nuget", "{4026BFFB-2CE8-4ABB-8239-411493526D5B}"
	ProjectSection(SolutionItems) = preProject
		AssemblyInfo.targets = AssemblyInfo.targets
		..\make-package.ps1 = ..\make-package.ps1
		..\Sharpnado.MaterialFrame.nuspec = ..\Sharpnado.MaterialFrame.nuspec
	EndProjectSection
EndProject
Project("{FAE04EC0-301F-11D3-BF4B-00C04F79EFBC}") = "MaterialFrame.UWP", "MaterialFrame.UWP\MaterialFrame.UWP.csproj", "{1E904232-AE2E-4D45-95F3-0C9F4D12831C}"
EndProject
Project("{FAE04EC0-301F-11D3-BF4B-00C04F79EFBC}") = "MaterialFrame.macOS", "MaterialFrame.macOS\MaterialFrame.macOS.csproj", "{447A39AE-70B4-4656-A46C-55C6D60A8E5A}"
EndProject
Global
	GlobalSection(SolutionConfigurationPlatforms) = preSolution
		Debug|Any CPU = Debug|Any CPU
		Debug|ARM = Debug|ARM
		Debug|ARM64 = Debug|ARM64
		Debug|iPhone = Debug|iPhone
		Debug|iPhoneSimulator = Debug|iPhoneSimulator
		Debug|x64 = Debug|x64
		Debug|x86 = Debug|x86
		MonoDroid10|Any CPU = MonoDroid10|Any CPU
		MonoDroid10|ARM = MonoDroid10|ARM
		MonoDroid10|ARM64 = MonoDroid10|ARM64
		MonoDroid10|iPhone = MonoDroid10|iPhone
		MonoDroid10|iPhoneSimulator = MonoDroid10|iPhoneSimulator
		MonoDroid10|x64 = MonoDroid10|x64
		MonoDroid10|x86 = MonoDroid10|x86
		Release|Any CPU = Release|Any CPU
		Release|ARM = Release|ARM
		Release|ARM64 = Release|ARM64
		Release|iPhone = Release|iPhone
		Release|iPhoneSimulator = Release|iPhoneSimulator
		Release|x64 = Release|x64
		Release|x86 = Release|x86
	EndGlobalSection
	GlobalSection(ProjectConfigurationPlatforms) = postSolution
		{F6719964-727A-4C81-9C32-FA0B08CA8AE6}.Debug|Any CPU.ActiveCfg = Debug|Any CPU
		{F6719964-727A-4C81-9C32-FA0B08CA8AE6}.Debug|Any CPU.Build.0 = Debug|Any CPU
		{F6719964-727A-4C81-9C32-FA0B08CA8AE6}.Debug|ARM.ActiveCfg = Debug|Any CPU
		{F6719964-727A-4C81-9C32-FA0B08CA8AE6}.Debug|ARM.Build.0 = Debug|Any CPU
		{F6719964-727A-4C81-9C32-FA0B08CA8AE6}.Debug|ARM.Deploy.0 = Debug|Any CPU
		{F6719964-727A-4C81-9C32-FA0B08CA8AE6}.Debug|ARM64.ActiveCfg = Debug|Any CPU
		{F6719964-727A-4C81-9C32-FA0B08CA8AE6}.Debug|ARM64.Build.0 = Debug|Any CPU
		{F6719964-727A-4C81-9C32-FA0B08CA8AE6}.Debug|ARM64.Deploy.0 = Debug|Any CPU
		{F6719964-727A-4C81-9C32-FA0B08CA8AE6}.Debug|iPhone.ActiveCfg = Debug|Any CPU
		{F6719964-727A-4C81-9C32-FA0B08CA8AE6}.Debug|iPhone.Build.0 = Debug|Any CPU
		{F6719964-727A-4C81-9C32-FA0B08CA8AE6}.Debug|iPhone.Deploy.0 = Debug|Any CPU
		{F6719964-727A-4C81-9C32-FA0B08CA8AE6}.Debug|iPhoneSimulator.ActiveCfg = Debug|Any CPU
		{F6719964-727A-4C81-9C32-FA0B08CA8AE6}.Debug|iPhoneSimulator.Build.0 = Debug|Any CPU
		{F6719964-727A-4C81-9C32-FA0B08CA8AE6}.Debug|iPhoneSimulator.Deploy.0 = Debug|Any CPU
		{F6719964-727A-4C81-9C32-FA0B08CA8AE6}.Debug|x64.ActiveCfg = Debug|Any CPU
		{F6719964-727A-4C81-9C32-FA0B08CA8AE6}.Debug|x64.Build.0 = Debug|Any CPU
		{F6719964-727A-4C81-9C32-FA0B08CA8AE6}.Debug|x64.Deploy.0 = Debug|Any CPU
		{F6719964-727A-4C81-9C32-FA0B08CA8AE6}.Debug|x86.ActiveCfg = Debug|Any CPU
		{F6719964-727A-4C81-9C32-FA0B08CA8AE6}.Debug|x86.Build.0 = Debug|Any CPU
		{F6719964-727A-4C81-9C32-FA0B08CA8AE6}.Debug|x86.Deploy.0 = Debug|Any CPU
		{F6719964-727A-4C81-9C32-FA0B08CA8AE6}.MonoDroid10|Any CPU.ActiveCfg = ReleaseAndroid9.0|Any CPU
		{F6719964-727A-4C81-9C32-FA0B08CA8AE6}.MonoDroid10|Any CPU.Build.0 = ReleaseAndroid9.0|Any CPU
		{F6719964-727A-4C81-9C32-FA0B08CA8AE6}.MonoDroid10|ARM.ActiveCfg = Release|Any CPU
		{F6719964-727A-4C81-9C32-FA0B08CA8AE6}.MonoDroid10|ARM.Build.0 = Release|Any CPU
		{F6719964-727A-4C81-9C32-FA0B08CA8AE6}.MonoDroid10|ARM.Deploy.0 = Release|Any CPU
		{F6719964-727A-4C81-9C32-FA0B08CA8AE6}.MonoDroid10|ARM64.ActiveCfg = Release|Any CPU
		{F6719964-727A-4C81-9C32-FA0B08CA8AE6}.MonoDroid10|ARM64.Build.0 = Release|Any CPU
		{F6719964-727A-4C81-9C32-FA0B08CA8AE6}.MonoDroid10|ARM64.Deploy.0 = Release|Any CPU
		{F6719964-727A-4C81-9C32-FA0B08CA8AE6}.MonoDroid10|iPhone.ActiveCfg = Release|Any CPU
		{F6719964-727A-4C81-9C32-FA0B08CA8AE6}.MonoDroid10|iPhone.Build.0 = Release|Any CPU
		{F6719964-727A-4C81-9C32-FA0B08CA8AE6}.MonoDroid10|iPhone.Deploy.0 = Release|Any CPU
		{F6719964-727A-4C81-9C32-FA0B08CA8AE6}.MonoDroid10|iPhoneSimulator.ActiveCfg = Release|Any CPU
		{F6719964-727A-4C81-9C32-FA0B08CA8AE6}.MonoDroid10|iPhoneSimulator.Build.0 = Release|Any CPU
		{F6719964-727A-4C81-9C32-FA0B08CA8AE6}.MonoDroid10|iPhoneSimulator.Deploy.0 = Release|Any CPU
		{F6719964-727A-4C81-9C32-FA0B08CA8AE6}.MonoDroid10|x64.ActiveCfg = Release|Any CPU
		{F6719964-727A-4C81-9C32-FA0B08CA8AE6}.MonoDroid10|x64.Build.0 = Release|Any CPU
		{F6719964-727A-4C81-9C32-FA0B08CA8AE6}.MonoDroid10|x64.Deploy.0 = Release|Any CPU
		{F6719964-727A-4C81-9C32-FA0B08CA8AE6}.MonoDroid10|x86.ActiveCfg = Release|Any CPU
		{F6719964-727A-4C81-9C32-FA0B08CA8AE6}.MonoDroid10|x86.Build.0 = Release|Any CPU
		{F6719964-727A-4C81-9C32-FA0B08CA8AE6}.MonoDroid10|x86.Deploy.0 = Release|Any CPU
		{F6719964-727A-4C81-9C32-FA0B08CA8AE6}.Release|Any CPU.ActiveCfg = Release|Any CPU
		{F6719964-727A-4C81-9C32-FA0B08CA8AE6}.Release|Any CPU.Build.0 = Release|Any CPU
		{F6719964-727A-4C81-9C32-FA0B08CA8AE6}.Release|ARM.ActiveCfg = Release|Any CPU
		{F6719964-727A-4C81-9C32-FA0B08CA8AE6}.Release|ARM.Build.0 = Release|Any CPU
		{F6719964-727A-4C81-9C32-FA0B08CA8AE6}.Release|ARM.Deploy.0 = Release|Any CPU
		{F6719964-727A-4C81-9C32-FA0B08CA8AE6}.Release|ARM64.ActiveCfg = Release|Any CPU
		{F6719964-727A-4C81-9C32-FA0B08CA8AE6}.Release|ARM64.Build.0 = Release|Any CPU
		{F6719964-727A-4C81-9C32-FA0B08CA8AE6}.Release|ARM64.Deploy.0 = Release|Any CPU
		{F6719964-727A-4C81-9C32-FA0B08CA8AE6}.Release|iPhone.ActiveCfg = Release|Any CPU
		{F6719964-727A-4C81-9C32-FA0B08CA8AE6}.Release|iPhone.Build.0 = Release|Any CPU
		{F6719964-727A-4C81-9C32-FA0B08CA8AE6}.Release|iPhone.Deploy.0 = Release|Any CPU
		{F6719964-727A-4C81-9C32-FA0B08CA8AE6}.Release|iPhoneSimulator.ActiveCfg = Release|Any CPU
		{F6719964-727A-4C81-9C32-FA0B08CA8AE6}.Release|iPhoneSimulator.Build.0 = Release|Any CPU
		{F6719964-727A-4C81-9C32-FA0B08CA8AE6}.Release|iPhoneSimulator.Deploy.0 = Release|Any CPU
		{F6719964-727A-4C81-9C32-FA0B08CA8AE6}.Release|x64.ActiveCfg = Release|Any CPU
		{F6719964-727A-4C81-9C32-FA0B08CA8AE6}.Release|x64.Build.0 = Release|Any CPU
		{F6719964-727A-4C81-9C32-FA0B08CA8AE6}.Release|x64.Deploy.0 = Release|Any CPU
		{F6719964-727A-4C81-9C32-FA0B08CA8AE6}.Release|x86.ActiveCfg = Release|Any CPU
		{F6719964-727A-4C81-9C32-FA0B08CA8AE6}.Release|x86.Build.0 = Release|Any CPU
		{F6719964-727A-4C81-9C32-FA0B08CA8AE6}.Release|x86.Deploy.0 = Release|Any CPU
		{29B1C798-02D7-4732-ACC5-0FD2E4BBEC8B}.Debug|Any CPU.ActiveCfg = Debug|Any CPU
		{29B1C798-02D7-4732-ACC5-0FD2E4BBEC8B}.Debug|Any CPU.Build.0 = Debug|Any CPU
		{29B1C798-02D7-4732-ACC5-0FD2E4BBEC8B}.Debug|ARM.ActiveCfg = Debug|Any CPU
		{29B1C798-02D7-4732-ACC5-0FD2E4BBEC8B}.Debug|ARM.Build.0 = Debug|Any CPU
		{29B1C798-02D7-4732-ACC5-0FD2E4BBEC8B}.Debug|ARM64.ActiveCfg = Debug|Any CPU
		{29B1C798-02D7-4732-ACC5-0FD2E4BBEC8B}.Debug|ARM64.Build.0 = Debug|Any CPU
		{29B1C798-02D7-4732-ACC5-0FD2E4BBEC8B}.Debug|iPhone.ActiveCfg = Debug|Any CPU
		{29B1C798-02D7-4732-ACC5-0FD2E4BBEC8B}.Debug|iPhone.Build.0 = Debug|Any CPU
		{29B1C798-02D7-4732-ACC5-0FD2E4BBEC8B}.Debug|iPhoneSimulator.ActiveCfg = Debug|Any CPU
		{29B1C798-02D7-4732-ACC5-0FD2E4BBEC8B}.Debug|iPhoneSimulator.Build.0 = Debug|Any CPU
		{29B1C798-02D7-4732-ACC5-0FD2E4BBEC8B}.Debug|x64.ActiveCfg = Debug|Any CPU
		{29B1C798-02D7-4732-ACC5-0FD2E4BBEC8B}.Debug|x64.Build.0 = Debug|Any CPU
		{29B1C798-02D7-4732-ACC5-0FD2E4BBEC8B}.Debug|x86.ActiveCfg = Debug|Any CPU
		{29B1C798-02D7-4732-ACC5-0FD2E4BBEC8B}.Debug|x86.Build.0 = Debug|Any CPU
		{29B1C798-02D7-4732-ACC5-0FD2E4BBEC8B}.MonoDroid10|Any CPU.ActiveCfg = Release|Any CPU
		{29B1C798-02D7-4732-ACC5-0FD2E4BBEC8B}.MonoDroid10|Any CPU.Build.0 = Release|Any CPU
		{29B1C798-02D7-4732-ACC5-0FD2E4BBEC8B}.MonoDroid10|ARM.ActiveCfg = Release|Any CPU
		{29B1C798-02D7-4732-ACC5-0FD2E4BBEC8B}.MonoDroid10|ARM.Build.0 = Release|Any CPU
		{29B1C798-02D7-4732-ACC5-0FD2E4BBEC8B}.MonoDroid10|ARM64.ActiveCfg = Release|Any CPU
		{29B1C798-02D7-4732-ACC5-0FD2E4BBEC8B}.MonoDroid10|ARM64.Build.0 = Release|Any CPU
		{29B1C798-02D7-4732-ACC5-0FD2E4BBEC8B}.MonoDroid10|iPhone.ActiveCfg = Release|Any CPU
		{29B1C798-02D7-4732-ACC5-0FD2E4BBEC8B}.MonoDroid10|iPhone.Build.0 = Release|Any CPU
		{29B1C798-02D7-4732-ACC5-0FD2E4BBEC8B}.MonoDroid10|iPhoneSimulator.ActiveCfg = Release|Any CPU
		{29B1C798-02D7-4732-ACC5-0FD2E4BBEC8B}.MonoDroid10|iPhoneSimulator.Build.0 = Release|Any CPU
		{29B1C798-02D7-4732-ACC5-0FD2E4BBEC8B}.MonoDroid10|x64.ActiveCfg = Release|Any CPU
		{29B1C798-02D7-4732-ACC5-0FD2E4BBEC8B}.MonoDroid10|x64.Build.0 = Release|Any CPU
		{29B1C798-02D7-4732-ACC5-0FD2E4BBEC8B}.MonoDroid10|x86.ActiveCfg = Release|Any CPU
		{29B1C798-02D7-4732-ACC5-0FD2E4BBEC8B}.MonoDroid10|x86.Build.0 = Release|Any CPU
		{29B1C798-02D7-4732-ACC5-0FD2E4BBEC8B}.Release|Any CPU.ActiveCfg = Release|Any CPU
		{29B1C798-02D7-4732-ACC5-0FD2E4BBEC8B}.Release|Any CPU.Build.0 = Release|Any CPU
		{29B1C798-02D7-4732-ACC5-0FD2E4BBEC8B}.Release|ARM.ActiveCfg = Release|Any CPU
		{29B1C798-02D7-4732-ACC5-0FD2E4BBEC8B}.Release|ARM.Build.0 = Release|Any CPU
		{29B1C798-02D7-4732-ACC5-0FD2E4BBEC8B}.Release|ARM64.ActiveCfg = Release|Any CPU
		{29B1C798-02D7-4732-ACC5-0FD2E4BBEC8B}.Release|ARM64.Build.0 = Release|Any CPU
		{29B1C798-02D7-4732-ACC5-0FD2E4BBEC8B}.Release|iPhone.ActiveCfg = Release|Any CPU
		{29B1C798-02D7-4732-ACC5-0FD2E4BBEC8B}.Release|iPhone.Build.0 = Release|Any CPU
		{29B1C798-02D7-4732-ACC5-0FD2E4BBEC8B}.Release|iPhoneSimulator.ActiveCfg = Release|Any CPU
		{29B1C798-02D7-4732-ACC5-0FD2E4BBEC8B}.Release|iPhoneSimulator.Build.0 = Release|Any CPU
		{29B1C798-02D7-4732-ACC5-0FD2E4BBEC8B}.Release|x64.ActiveCfg = Release|Any CPU
		{29B1C798-02D7-4732-ACC5-0FD2E4BBEC8B}.Release|x64.Build.0 = Release|Any CPU
		{29B1C798-02D7-4732-ACC5-0FD2E4BBEC8B}.Release|x86.ActiveCfg = Release|Any CPU
		{29B1C798-02D7-4732-ACC5-0FD2E4BBEC8B}.Release|x86.Build.0 = Release|Any CPU
		{905811E8-D8C9-4AEE-B2F4-D924C83F50AE}.Debug|Any CPU.ActiveCfg = Debug|Any CPU
		{905811E8-D8C9-4AEE-B2F4-D924C83F50AE}.Debug|Any CPU.Build.0 = Debug|Any CPU
		{905811E8-D8C9-4AEE-B2F4-D924C83F50AE}.Debug|Any CPU.Deploy.0 = Debug|Any CPU
		{905811E8-D8C9-4AEE-B2F4-D924C83F50AE}.Debug|ARM.ActiveCfg = Debug|Any CPU
		{905811E8-D8C9-4AEE-B2F4-D924C83F50AE}.Debug|ARM.Build.0 = Debug|Any CPU
		{905811E8-D8C9-4AEE-B2F4-D924C83F50AE}.Debug|ARM64.ActiveCfg = Debug|Any CPU
		{905811E8-D8C9-4AEE-B2F4-D924C83F50AE}.Debug|ARM64.Build.0 = Debug|Any CPU
		{905811E8-D8C9-4AEE-B2F4-D924C83F50AE}.Debug|iPhone.ActiveCfg = Debug|Any CPU
		{905811E8-D8C9-4AEE-B2F4-D924C83F50AE}.Debug|iPhone.Build.0 = Debug|Any CPU
		{905811E8-D8C9-4AEE-B2F4-D924C83F50AE}.Debug|iPhone.Deploy.0 = Debug|Any CPU
		{905811E8-D8C9-4AEE-B2F4-D924C83F50AE}.Debug|iPhoneSimulator.ActiveCfg = Debug|Any CPU
		{905811E8-D8C9-4AEE-B2F4-D924C83F50AE}.Debug|iPhoneSimulator.Build.0 = Debug|Any CPU
		{905811E8-D8C9-4AEE-B2F4-D924C83F50AE}.Debug|iPhoneSimulator.Deploy.0 = Debug|Any CPU
		{905811E8-D8C9-4AEE-B2F4-D924C83F50AE}.Debug|x64.ActiveCfg = Debug|Any CPU
		{905811E8-D8C9-4AEE-B2F4-D924C83F50AE}.Debug|x64.Build.0 = Debug|Any CPU
		{905811E8-D8C9-4AEE-B2F4-D924C83F50AE}.Debug|x86.ActiveCfg = Debug|Any CPU
		{905811E8-D8C9-4AEE-B2F4-D924C83F50AE}.Debug|x86.Build.0 = Debug|Any CPU
		{905811E8-D8C9-4AEE-B2F4-D924C83F50AE}.MonoDroid10|Any CPU.ActiveCfg = Release|Any CPU
		{905811E8-D8C9-4AEE-B2F4-D924C83F50AE}.MonoDroid10|Any CPU.Build.0 = Release|Any CPU
		{905811E8-D8C9-4AEE-B2F4-D924C83F50AE}.MonoDroid10|Any CPU.Deploy.0 = Release|Any CPU
		{905811E8-D8C9-4AEE-B2F4-D924C83F50AE}.MonoDroid10|ARM.ActiveCfg = Release|Any CPU
		{905811E8-D8C9-4AEE-B2F4-D924C83F50AE}.MonoDroid10|ARM.Build.0 = Release|Any CPU
		{905811E8-D8C9-4AEE-B2F4-D924C83F50AE}.MonoDroid10|ARM64.ActiveCfg = Release|Any CPU
		{905811E8-D8C9-4AEE-B2F4-D924C83F50AE}.MonoDroid10|ARM64.Build.0 = Release|Any CPU
		{905811E8-D8C9-4AEE-B2F4-D924C83F50AE}.MonoDroid10|iPhone.ActiveCfg = Release|Any CPU
		{905811E8-D8C9-4AEE-B2F4-D924C83F50AE}.MonoDroid10|iPhone.Build.0 = Release|Any CPU
		{905811E8-D8C9-4AEE-B2F4-D924C83F50AE}.MonoDroid10|iPhone.Deploy.0 = Release|Any CPU
		{905811E8-D8C9-4AEE-B2F4-D924C83F50AE}.MonoDroid10|iPhoneSimulator.ActiveCfg = Release|Any CPU
		{905811E8-D8C9-4AEE-B2F4-D924C83F50AE}.MonoDroid10|iPhoneSimulator.Build.0 = Release|Any CPU
		{905811E8-D8C9-4AEE-B2F4-D924C83F50AE}.MonoDroid10|iPhoneSimulator.Deploy.0 = Release|Any CPU
		{905811E8-D8C9-4AEE-B2F4-D924C83F50AE}.MonoDroid10|x64.ActiveCfg = Release|Any CPU
		{905811E8-D8C9-4AEE-B2F4-D924C83F50AE}.MonoDroid10|x64.Build.0 = Release|Any CPU
		{905811E8-D8C9-4AEE-B2F4-D924C83F50AE}.MonoDroid10|x86.ActiveCfg = Release|Any CPU
		{905811E8-D8C9-4AEE-B2F4-D924C83F50AE}.MonoDroid10|x86.Build.0 = Release|Any CPU
		{905811E8-D8C9-4AEE-B2F4-D924C83F50AE}.Release|Any CPU.ActiveCfg = Release|Any CPU
		{905811E8-D8C9-4AEE-B2F4-D924C83F50AE}.Release|Any CPU.Build.0 = Release|Any CPU
		{905811E8-D8C9-4AEE-B2F4-D924C83F50AE}.Release|Any CPU.Deploy.0 = Release|Any CPU
		{905811E8-D8C9-4AEE-B2F4-D924C83F50AE}.Release|ARM.ActiveCfg = Release|Any CPU
		{905811E8-D8C9-4AEE-B2F4-D924C83F50AE}.Release|ARM.Build.0 = Release|Any CPU
		{905811E8-D8C9-4AEE-B2F4-D924C83F50AE}.Release|ARM64.ActiveCfg = Release|Any CPU
		{905811E8-D8C9-4AEE-B2F4-D924C83F50AE}.Release|ARM64.Build.0 = Release|Any CPU
		{905811E8-D8C9-4AEE-B2F4-D924C83F50AE}.Release|iPhone.ActiveCfg = Release|Any CPU
		{905811E8-D8C9-4AEE-B2F4-D924C83F50AE}.Release|iPhone.Build.0 = Release|Any CPU
		{905811E8-D8C9-4AEE-B2F4-D924C83F50AE}.Release|iPhone.Deploy.0 = Release|Any CPU
		{905811E8-D8C9-4AEE-B2F4-D924C83F50AE}.Release|iPhoneSimulator.ActiveCfg = Release|Any CPU
		{905811E8-D8C9-4AEE-B2F4-D924C83F50AE}.Release|iPhoneSimulator.Build.0 = Release|Any CPU
		{905811E8-D8C9-4AEE-B2F4-D924C83F50AE}.Release|iPhoneSimulator.Deploy.0 = Release|Any CPU
		{905811E8-D8C9-4AEE-B2F4-D924C83F50AE}.Release|x64.ActiveCfg = Release|Any CPU
		{905811E8-D8C9-4AEE-B2F4-D924C83F50AE}.Release|x64.Build.0 = Release|Any CPU
		{905811E8-D8C9-4AEE-B2F4-D924C83F50AE}.Release|x86.ActiveCfg = Release|Any CPU
		{905811E8-D8C9-4AEE-B2F4-D924C83F50AE}.Release|x86.Build.0 = Release|Any CPU
		{1E904232-AE2E-4D45-95F3-0C9F4D12831C}.Debug|Any CPU.ActiveCfg = Debug|Any CPU
		{1E904232-AE2E-4D45-95F3-0C9F4D12831C}.Debug|Any CPU.Build.0 = Debug|Any CPU
		{1E904232-AE2E-4D45-95F3-0C9F4D12831C}.Debug|ARM.ActiveCfg = Debug|ARM
		{1E904232-AE2E-4D45-95F3-0C9F4D12831C}.Debug|ARM.Build.0 = Debug|ARM
		{1E904232-AE2E-4D45-95F3-0C9F4D12831C}.Debug|ARM64.ActiveCfg = Debug|ARM64
		{1E904232-AE2E-4D45-95F3-0C9F4D12831C}.Debug|ARM64.Build.0 = Debug|ARM64
		{1E904232-AE2E-4D45-95F3-0C9F4D12831C}.Debug|iPhone.ActiveCfg = Debug|Any CPU
		{1E904232-AE2E-4D45-95F3-0C9F4D12831C}.Debug|iPhone.Build.0 = Debug|Any CPU
		{1E904232-AE2E-4D45-95F3-0C9F4D12831C}.Debug|iPhoneSimulator.ActiveCfg = Debug|Any CPU
		{1E904232-AE2E-4D45-95F3-0C9F4D12831C}.Debug|iPhoneSimulator.Build.0 = Debug|Any CPU
		{1E904232-AE2E-4D45-95F3-0C9F4D12831C}.Debug|x64.ActiveCfg = Debug|x64
		{1E904232-AE2E-4D45-95F3-0C9F4D12831C}.Debug|x64.Build.0 = Debug|x64
		{1E904232-AE2E-4D45-95F3-0C9F4D12831C}.Debug|x86.ActiveCfg = Debug|x86
		{1E904232-AE2E-4D45-95F3-0C9F4D12831C}.Debug|x86.Build.0 = Debug|x86
		{1E904232-AE2E-4D45-95F3-0C9F4D12831C}.MonoDroid10|Any CPU.ActiveCfg = Release|Any CPU
		{1E904232-AE2E-4D45-95F3-0C9F4D12831C}.MonoDroid10|Any CPU.Build.0 = Release|Any CPU
		{1E904232-AE2E-4D45-95F3-0C9F4D12831C}.MonoDroid10|ARM.ActiveCfg = Release|ARM
		{1E904232-AE2E-4D45-95F3-0C9F4D12831C}.MonoDroid10|ARM.Build.0 = Release|ARM
		{1E904232-AE2E-4D45-95F3-0C9F4D12831C}.MonoDroid10|ARM64.ActiveCfg = Release|ARM64
		{1E904232-AE2E-4D45-95F3-0C9F4D12831C}.MonoDroid10|ARM64.Build.0 = Release|ARM64
		{1E904232-AE2E-4D45-95F3-0C9F4D12831C}.MonoDroid10|iPhone.ActiveCfg = Release|Any CPU
		{1E904232-AE2E-4D45-95F3-0C9F4D12831C}.MonoDroid10|iPhone.Build.0 = Release|Any CPU
		{1E904232-AE2E-4D45-95F3-0C9F4D12831C}.MonoDroid10|iPhoneSimulator.ActiveCfg = Release|Any CPU
		{1E904232-AE2E-4D45-95F3-0C9F4D12831C}.MonoDroid10|iPhoneSimulator.Build.0 = Release|Any CPU
		{1E904232-AE2E-4D45-95F3-0C9F4D12831C}.MonoDroid10|x64.ActiveCfg = Release|x64
		{1E904232-AE2E-4D45-95F3-0C9F4D12831C}.MonoDroid10|x64.Build.0 = Release|x64
		{1E904232-AE2E-4D45-95F3-0C9F4D12831C}.MonoDroid10|x86.ActiveCfg = Release|x86
		{1E904232-AE2E-4D45-95F3-0C9F4D12831C}.MonoDroid10|x86.Build.0 = Release|x86
		{1E904232-AE2E-4D45-95F3-0C9F4D12831C}.Release|Any CPU.ActiveCfg = Release|Any CPU
		{1E904232-AE2E-4D45-95F3-0C9F4D12831C}.Release|Any CPU.Build.0 = Release|Any CPU
		{1E904232-AE2E-4D45-95F3-0C9F4D12831C}.Release|ARM.ActiveCfg = Release|ARM
		{1E904232-AE2E-4D45-95F3-0C9F4D12831C}.Release|ARM.Build.0 = Release|ARM
		{1E904232-AE2E-4D45-95F3-0C9F4D12831C}.Release|ARM64.ActiveCfg = Release|ARM64
		{1E904232-AE2E-4D45-95F3-0C9F4D12831C}.Release|ARM64.Build.0 = Release|ARM64
		{1E904232-AE2E-4D45-95F3-0C9F4D12831C}.Release|iPhone.ActiveCfg = Release|Any CPU
		{1E904232-AE2E-4D45-95F3-0C9F4D12831C}.Release|iPhone.Build.0 = Release|Any CPU
		{1E904232-AE2E-4D45-95F3-0C9F4D12831C}.Release|iPhoneSimulator.ActiveCfg = Release|Any CPU
		{1E904232-AE2E-4D45-95F3-0C9F4D12831C}.Release|iPhoneSimulator.Build.0 = Release|Any CPU
		{1E904232-AE2E-4D45-95F3-0C9F4D12831C}.Release|x64.ActiveCfg = Release|x64
		{1E904232-AE2E-4D45-95F3-0C9F4D12831C}.Release|x64.Build.0 = Release|x64
		{1E904232-AE2E-4D45-95F3-0C9F4D12831C}.Release|x86.ActiveCfg = Release|x86
		{1E904232-AE2E-4D45-95F3-0C9F4D12831C}.Release|x86.Build.0 = Release|x86
		{447A39AE-70B4-4656-A46C-55C6D60A8E5A}.Debug|Any CPU.ActiveCfg = Debug|Any CPU
		{447A39AE-70B4-4656-A46C-55C6D60A8E5A}.Debug|Any CPU.Build.0 = Debug|Any CPU
		{447A39AE-70B4-4656-A46C-55C6D60A8E5A}.Debug|ARM.ActiveCfg = Debug|Any CPU
		{447A39AE-70B4-4656-A46C-55C6D60A8E5A}.Debug|ARM.Build.0 = Debug|Any CPU
		{447A39AE-70B4-4656-A46C-55C6D60A8E5A}.Debug|ARM64.ActiveCfg = Debug|Any CPU
		{447A39AE-70B4-4656-A46C-55C6D60A8E5A}.Debug|ARM64.Build.0 = Debug|Any CPU
		{447A39AE-70B4-4656-A46C-55C6D60A8E5A}.Debug|iPhone.ActiveCfg = Debug|Any CPU
		{447A39AE-70B4-4656-A46C-55C6D60A8E5A}.Debug|iPhone.Build.0 = Debug|Any CPU
		{447A39AE-70B4-4656-A46C-55C6D60A8E5A}.Debug|iPhoneSimulator.ActiveCfg = Debug|Any CPU
		{447A39AE-70B4-4656-A46C-55C6D60A8E5A}.Debug|iPhoneSimulator.Build.0 = Debug|Any CPU
		{447A39AE-70B4-4656-A46C-55C6D60A8E5A}.Debug|x64.ActiveCfg = Debug|Any CPU
		{447A39AE-70B4-4656-A46C-55C6D60A8E5A}.Debug|x64.Build.0 = Debug|Any CPU
		{447A39AE-70B4-4656-A46C-55C6D60A8E5A}.Debug|x86.ActiveCfg = Debug|Any CPU
		{447A39AE-70B4-4656-A46C-55C6D60A8E5A}.Debug|x86.Build.0 = Debug|Any CPU
		{447A39AE-70B4-4656-A46C-55C6D60A8E5A}.MonoDroid10|Any CPU.ActiveCfg = Release|Any CPU
		{447A39AE-70B4-4656-A46C-55C6D60A8E5A}.MonoDroid10|Any CPU.Build.0 = Release|Any CPU
		{447A39AE-70B4-4656-A46C-55C6D60A8E5A}.MonoDroid10|ARM.ActiveCfg = Release|Any CPU
		{447A39AE-70B4-4656-A46C-55C6D60A8E5A}.MonoDroid10|ARM.Build.0 = Release|Any CPU
		{447A39AE-70B4-4656-A46C-55C6D60A8E5A}.MonoDroid10|ARM64.ActiveCfg = Release|Any CPU
		{447A39AE-70B4-4656-A46C-55C6D60A8E5A}.MonoDroid10|ARM64.Build.0 = Release|Any CPU
		{447A39AE-70B4-4656-A46C-55C6D60A8E5A}.MonoDroid10|iPhone.ActiveCfg = Release|Any CPU
		{447A39AE-70B4-4656-A46C-55C6D60A8E5A}.MonoDroid10|iPhone.Build.0 = Release|Any CPU
		{447A39AE-70B4-4656-A46C-55C6D60A8E5A}.MonoDroid10|iPhoneSimulator.ActiveCfg = Release|Any CPU
		{447A39AE-70B4-4656-A46C-55C6D60A8E5A}.MonoDroid10|iPhoneSimulator.Build.0 = Release|Any CPU
		{447A39AE-70B4-4656-A46C-55C6D60A8E5A}.MonoDroid10|x64.ActiveCfg = Release|Any CPU
		{447A39AE-70B4-4656-A46C-55C6D60A8E5A}.MonoDroid10|x64.Build.0 = Release|Any CPU
		{447A39AE-70B4-4656-A46C-55C6D60A8E5A}.MonoDroid10|x86.ActiveCfg = Release|Any CPU
		{447A39AE-70B4-4656-A46C-55C6D60A8E5A}.MonoDroid10|x86.Build.0 = Release|Any CPU
		{447A39AE-70B4-4656-A46C-55C6D60A8E5A}.Release|Any CPU.ActiveCfg = Release|Any CPU
		{447A39AE-70B4-4656-A46C-55C6D60A8E5A}.Release|Any CPU.Build.0 = Release|Any CPU
		{447A39AE-70B4-4656-A46C-55C6D60A8E5A}.Release|ARM.ActiveCfg = Release|Any CPU
		{447A39AE-70B4-4656-A46C-55C6D60A8E5A}.Release|ARM.Build.0 = Release|Any CPU
		{447A39AE-70B4-4656-A46C-55C6D60A8E5A}.Release|ARM64.ActiveCfg = Release|Any CPU
		{447A39AE-70B4-4656-A46C-55C6D60A8E5A}.Release|ARM64.Build.0 = Release|Any CPU
		{447A39AE-70B4-4656-A46C-55C6D60A8E5A}.Release|iPhone.ActiveCfg = Release|Any CPU
		{447A39AE-70B4-4656-A46C-55C6D60A8E5A}.Release|iPhone.Build.0 = Release|Any CPU
		{447A39AE-70B4-4656-A46C-55C6D60A8E5A}.Release|iPhoneSimulator.ActiveCfg = Release|Any CPU
		{447A39AE-70B4-4656-A46C-55C6D60A8E5A}.Release|iPhoneSimulator.Build.0 = Release|Any CPU
		{447A39AE-70B4-4656-A46C-55C6D60A8E5A}.Release|x64.ActiveCfg = Release|Any CPU
		{447A39AE-70B4-4656-A46C-55C6D60A8E5A}.Release|x64.Build.0 = Release|Any CPU
		{447A39AE-70B4-4656-A46C-55C6D60A8E5A}.Release|x86.ActiveCfg = Release|Any CPU
		{447A39AE-70B4-4656-A46C-55C6D60A8E5A}.Release|x86.Build.0 = Release|Any CPU
	EndGlobalSection
	GlobalSection(SolutionProperties) = preSolution
		HideSolutionNode = FALSE
	EndGlobalSection
	GlobalSection(ExtensibilityGlobals) = postSolution
		SolutionGuid = {92FB0A15-CF0E-4E73-BBBB-BD7FBC981D92}
	EndGlobalSection
EndGlobal
